<?xml version="1.0" encoding="UTF-8" standalone="yes" ?>
<CodeBlocks_project_file>
	<FileVersion major="1" minor="6" />
	<Project>
		<Option title="WeatherStats" />
		<Option pch_mode="2" />
		<Option compiler="gcc" />
		<Build>
			<Target title="Debug">
				<Option output="bin/Debug/WeatherStats" prefix_auto="1" extension_auto="1" />
				<Option object_output="obj/Debug/" />
				<Option type="1" />
				<Option compiler="gcc" />
				<Compiler>
					<Add option="-g" />
				</Compiler>
			</Target>
			<Target title="Release">
				<Option output="bin/Release/WeatherStats" prefix_auto="1" extension_auto="1" />
				<Option object_output="obj/Release/" />
				<Option type="1" />
				<Option compiler="gcc" />
				<Compiler>
					<Add option="-O2" />
				</Compiler>
				<Linker>
					<Add option="-s" />
				</Linker>
			</Target>
		</Build>
		<Compiler>
			<Add option="-Wall" />
			<Add option="-fexceptions" />
		</Compiler>
		<Unit filename="library/BST.h" />
		<Unit filename="library/COLLECTDATA.h" />
		<Unit filename="library/DATE.cpp" />
		<Unit filename="library/DATE.h" />
		<Unit filename="library/INPUT_OUTPUT.cpp" />
		<Unit filename="library/INPUT_OUTPUT.h" />
		<Unit filename="library/MENU.cpp" />
		<Unit filename="library/MENU.h" />
		<Unit filename="library/PERIODINDEX.cpp" />
		<Unit filename="library/PERIODINDEX.h" />
		<Unit filename="library/STRUCTS.cpp" />
		<Unit filename="library/STRUCTS.h" />
		<Unit filename="library/TIME.cpp" />
		<Unit filename="library/TIME.h" />
		<Unit filename="library/UTILITIES.cpp" />
		<Unit filename="library/UTILITIES.h" />
		<Unit filename="library/VECTOR.h" />
		<Unit filename="main.cpp" />
		<Extensions>
			<code_completion />
			<envvars />
			<debugger />
			<lib_finder disable_auto="1" />
		</Extensions>
	</Project>
</CodeBlocks_project_file>
